// !$*UTF8*$!
{
	archiveVersion = 1;
	classes = {
	};
	objectVersion = 46;
	objects = {

/* Begin PBXBuildFile section */
		4A6887DF1BA2B7F400A60017 /* 1.png in Resources */ = {isa = PBXBuildFile; fileRef = 4A6887DE1BA2B7F400A60017 /* 1.png */; };
		4A6887E01BA2B7F400A60017 /* 1.png in Resources */ = {isa = PBXBuildFile; fileRef = 4A6887DE1BA2B7F400A60017 /* 1.png */; };
		AFB4D7721B9FF03500048C86 /* main.m in Sources */ = {isa = PBXBuildFile; fileRef = AFB4D7711B9FF03500048C86 /* main.m */; };
		AFB4D7751B9FF03500048C86 /* AppDelegate.m in Sources */ = {isa = PBXBuildFile; fileRef = AFB4D7741B9FF03500048C86 /* AppDelegate.m */; };
		AFB4D7781B9FF03500048C86 /* ViewController.m in Sources */ = {isa = PBXBuildFile; fileRef = AFB4D7771B9FF03500048C86 /* ViewController.m */; };
		AFB4D77B1B9FF03500048C86 /* Main.storyboard in Resources */ = {isa = PBXBuildFile; fileRef = AFB4D7791B9FF03500048C86 /* Main.storyboard */; };
		AFB4D77D1B9FF03500048C86 /* Images.xcassets in Resources */ = {isa = PBXBuildFile; fileRef = AFB4D77C1B9FF03500048C86 /* Images.xcassets */; };
		AFB4D7801B9FF03500048C86 /* LaunchScreen.xib in Resources */ = {isa = PBXBuildFile; fileRef = AFB4D77E1B9FF03500048C86 /* LaunchScreen.xib */; };
		AFB4D78C1B9FF03500048C86 /* demoTests.m in Sources */ = {isa = PBXBuildFile; fileRef = AFB4D78B1B9FF03500048C86 /* demoTests.m */; };
/* End PBXBuildFile section */

/* Begin PBXContainerItemProxy section */
		AFB4D7861B9FF03500048C86 /* PBXContainerItemProxy */ = {
			isa = PBXContainerItemProxy;
			containerPortal = AFB4D7641B9FF03500048C86 /* Project object */;
			proxyType = 1;
			remoteGlobalIDString = AFB4D76B1B9FF03500048C86;
			remoteInfo = demo;
		};
/* End PBXContainerItemProxy section */

/* Begin PBXFileReference section */
		4A6887DE1BA2B7F400A60017 /* 1.png */ = {isa = PBXFileReference; lastKnownFileType = image.png; path = 1.png; sourceTree = "<group>"; };
		AFB4D76C1B9FF03500048C86 /* demo.app */ = {isa = PBXFileReference; explicitFileType = wrapper.application; includeInIndex = 0; path = demo.app; sourceTree = BUILT_PRODUCTS_DIR; };
		AFB4D7701B9FF03500048C86 /* Info.plist */ = {isa = PBXFileReference; lastKnownFileType = text.plist.xml; path = Info.plist; sourceTree = "<group>"; };
		AFB4D7711B9FF03500048C86 /* main.m */ = {isa = PBXFileReference; lastKnownFileType = sourcecode.c.objc; path = main.m; sourceTree = "<group>"; };
		AFB4D7731B9FF03500048C86 /* AppDelegate.h */ = {isa = PBXFileReference; lastKnownFileType = sourcecode.c.h; path = AppDelegate.h; sourceTree = "<group>"; };
		AFB4D7741B9FF03500048C86 /* AppDelegate.m */ = {isa = PBXFileReference; lastKnownFileType = sourcecode.c.objc; path = AppDelegate.m; sourceTree = "<group>"; };
		AFB4D7761B9FF03500048C86 /* ViewController.h */ = {isa = PBXFileReference; lastKnownFileType = sourcecode.c.h; path = ViewController.h; sourceTree = "<group>"; };
		AFB4D7771B9FF03500048C86 /* ViewController.m */ = {isa = PBXFileReference; lastKnownFileType = sourcecode.c.objc; path = ViewController.m; sourceTree = "<group>"; };
		AFB4D77A1B9FF03500048C86 /* Base */ = {isa = PBXFileReference; lastKnownFileType = file.storyboard; name = Base; path = Base.lproj/Main.storyboard; sourceTree = "<group>"; };
		AFB4D77C1B9FF03500048C86 /* Images.xcassets */ = {isa = PBXFileReference; lastKnownFileType = folder.assetcatalog; path = Images.xcassets; sourceTree = "<group>"; };
		AFB4D77F1B9FF03500048C86 /* Base */ = {isa = PBXFileReference; lastKnownFileType = file.xib; name = Base; path = Base.lproj/LaunchScreen.xib; sourceTree = "<group>"; };
		AFB4D7851B9FF03500048C86 /* demoTests.xctest */ = {isa = PBXFileReference; explicitFileType = wrapper.cfbundle; includeInIndex = 0; path = demoTests.xctest; sourceTree = BUILT_PRODUCTS_DIR; };
		AFB4D78A1B9FF03500048C86 /* Info.plist */ = {isa = PBXFileReference; lastKnownFileType = text.plist.xml; path = Info.plist; sourceTree = "<group>"; };
		AFB4D78B1B9FF03500048C86 /* demoTests.m */ = {isa = PBXFileReference; lastKnownFileType = sourcecode.c.objc; path = demoTests.m; sourceTree = "<group>"; };
/* End PBXFileReference section */

/* Begin PBXFrameworksBuildPhase section */
		AFB4D7691B9FF03500048C86 /* Frameworks */ = {
			isa = PBXFrameworksBuildPhase;
			buildActionMask = 2147483647;
			files = (
			);
			runOnlyForDeploymentPostprocessing = 0;
		};
		AFB4D7821B9FF03500048C86 /* Frameworks */ = {
			isa = PBXFrameworksBuildPhase;
			buildActionMask = 2147483647;
			files = (
			);
			runOnlyForDeploymentPostprocessing = 0;
		};
/* End PBXFrameworksBuildPhase section */

/* Begin PBXGroup section */
		AFB4D7631B9FF03500048C86 = {
			isa = PBXGroup;
			children = (
				AFB4D76E1B9FF03500048C86 /* demo */,
				AFB4D7881B9FF03500048C86 /* demoTests */,
				AFB4D76D1B9FF03500048C86 /* Products */,
			);
			sourceTree = "<group>";
		};
		AFB4D76D1B9FF03500048C86 /* Products */ = {
			isa = PBXGroup;
			children = (
				AFB4D76C1B9FF03500048C86 /* demo.app */,
				AFB4D7851B9FF03500048C86 /* demoTests.xctest */,
			);
			name = Products;
			sourceTree = "<group>";
		};
		AFB4D76E1B9FF03500048C86 /* demo */ = {
			isa = PBXGroup;
			children = (
				4A6887DE1BA2B7F400A60017 /* 1.png */,
				AFB4D7731B9FF03500048C86 /* AppDelegate.h */,
				AFB4D7741B9FF03500048C86 /* AppDelegate.m */,
				AFB4D7761B9FF03500048C86 /* ViewController.h */,
				AFB4D7771B9FF03500048C86 /* ViewController.m */,
				AFB4D7791B9FF03500048C86 /* Main.storyboard */,
				AFB4D77C1B9FF03500048C86 /* Images.xcassets */,
				AFB4D77E1B9FF03500048C86 /* LaunchScreen.xib */,
				AFB4D76F1B9FF03500048C86 /* Supporting Files */,
			);
			path = demo;
			sourceTree = "<group>";
		};
		AFB4D76F1B9FF03500048C86 /* Supporting Files */ = {
			isa = PBXGroup;
			children = (
				AFB4D7701B9FF03500048C86 /* Info.plist */,
				AFB4D7711B9FF03500048C86 /* main.m */,
			);
			name = "Supporting Files";
			sourceTree = "<group>";
		};
		AFB4D7881B9FF03500048C86 /* demoTests */ = {
			isa = PBXGroup;
			children = (
				AFB4D78B1B9FF03500048C86 /* demoTests.m */,
				AFB4D7891B9FF03500048C86 /* Supporting Files */,
			);
			path = demoTests;
			sourceTree = "<group>";
		};
		AFB4D7891B9FF03500048C86 /* Supporting Files */ = {
			isa = PBXGroup;
			children = (
				AFB4D78A1B9FF03500048C86 /* Info.plist */,
			);
			name = "Supporting Files";
			sourceTree = "<group>";
		};
/* End PBXGroup section */

/* Begin PBXNativeTarget section */
		AFB4D76B1B9FF03500048C86 /* demo */ = {
			isa = PBXNativeTarget;
			buildConfigurationList = AFB4D78F1B9FF03500048C86 /* Build configuration list for PBXNativeTarget "demo" */;
			buildPhases = (
				AFB4D7681B9FF03500048C86 /* Sources */,
				AFB4D7691B9FF03500048C86 /* Frameworks */,
				AFB4D76A1B9FF03500048C86 /* Resources */,
			);
			buildRules = (
			);
			dependencies = (
			);
			name = demo;
			productName = demo;
			productReference = AFB4D76C1B9FF03500048C86 /* demo.app */;
			productType = "com.apple.product-type.application";
		};
		AFB4D7841B9FF03500048C86 /* demoTests */ = {
			isa = PBXNativeTarget;
			buildConfigurationList = AFB4D7921B9FF03500048C86 /* Build configuration list for PBXNativeTarget "demoTests" */;
			buildPhases = (
				AFB4D7811B9FF03500048C86 /* Sources */,
				AFB4D7821B9FF03500048C86 /* Frameworks */,
				AFB4D7831B9FF03500048C86 /* Resources */,
			);
			buildRules = (
			);
			dependencies = (
				AFB4D7871B9FF03500048C86 /* PBXTargetDependency */,
			);
			name = demoTests;
			productName = demoTests;
			productReference = AFB4D7851B9FF03500048C86 /* demoTests.xctest */;
			productType = "com.apple.product-type.bundle.unit-test";
		};
/* End PBXNativeTarget section */

/* Begin PBXProject section */
		AFB4D7641B9FF03500048C86 /* Project object */ = {
			isa = PBXProject;
			attributes = {
				LastUpgradeCheck = 0640;
				ORGANIZATIONNAME = brsoftech;
				TargetAttributes = {
					AFB4D76B1B9FF03500048C86 = {
						CreatedOnToolsVersion = 6.4;
					};
					AFB4D7841B9FF03500048C86 = {
						CreatedOnToolsVersion = 6.4;
						TestTargetID = AFB4D76B1B9FF03500048C86;
					};
				};
			};
			buildConfigurationList = AFB4D7671B9FF03500048C86 /* Build configuration list for PBXProject "demo" */;
			compatibilityVersion = "Xcode 3.2";
			developmentRegion = English;
			hasScannedForEncodings = 0;
			knownRegions = (
				en,
				Base,
			);
			mainGroup = AFB4D7631B9FF03500048C86;
			productRefGroup = AFB4D76D1B9FF03500048C86 /* Products */;
			projectDirPath = "";
			projectRoot = "";
			targets = (
				AFB4D76B1B9FF03500048C86 /* demo */,
				AFB4D7841B9FF03500048C86 /* demoTests */,
			);
		};
/* End PBXProject section */

/* Begin PBXResourcesBuildPhase section */
		AFB4D76A1B9FF03500048C86 /* Resources */ = {
			isa = PBXResourcesBuildPhase;
			buildActionMask = 2147483647;
			files = (
				AFB4D77B1B9FF03500048C86 /* Main.storyboard in Resources */,
				4A6887DF1BA2B7F400A60017 /* 1.png in Resources */,
				AFB4D7801B9FF03500048C86 /* LaunchScreen.xib in Resources */,
				AFB4D77D1B9FF03500048C86 /* Images.xcassets in Resources */,
			);
			runOnlyForDeploymentPostprocessing = 0;
		};
		AFB4D7831B9FF03500048C86 /* Resources */ = {
			isa = PBXResourcesBuildPhase;
			buildActionMask = 2147483647;
			files = (
				4A6887E01BA2B7F400A60017 /* 1.png in Resources */,
			);
			runOnlyForDeploymentPostprocessing = 0;
		};
/* End PBXResourcesBuildPhase section */

/* Begin PBXSourcesBuildPhase section */
		AFB4D7681B9FF03500048C86 /* Sources */ = {
			isa = PBXSourcesBuildPhase;
			buildActionMask = 2147483647;
			files = (
				AFB4D7781B9FF03500048C86 /* ViewController.m in Sources */,
				AFB4D7751B9FF03500048C86 /* AppDelegate.m in Sources */,
				AFB4D7721B9FF03500048C86 /* main.m in Sources */,
			);
			runOnlyForDeploymentPostprocessing = 0;
		};
		AFB4D7811B9FF03500048C86 /* Sources */ = {
			isa = PBXSourcesBuildPhase;
			buildActionMask = 2147483647;
			files = (
				AFB4D78C1B9FF03500048C86 /* demoTests.m in Sources */,
			);
			runOnlyForDeploymentPostprocessing = 0;
		};
/* End PBXSourcesBuildPhase section */

/* Begin PBXTargetDependency section */
		AFB4D7871B9FF03500048C86 /* PBXTargetDependency */ = {
			isa = PBXTargetDependency;
			target = AFB4D76B1B9FF03500048C86 /* demo */;
			targetProxy = AFB4D7861B9FF03500048C86 /* PBXContainerItemProxy */;
		};
/* End PBXTargetDependency section */

/* Begin PBXVariantGroup section */
		AFB4D7791B9FF03500048C86 /* Main.storyboard */ = {
			isa = PBXVariantGroup;
			children = (
				AFB4D77A1B9FF03500048C86 /* Base */,
			);
			name = Main.storyboard;
			sourceTree = "<group>";
		};
		AFB4D77E1B9FF03500048C86 /* LaunchScreen.xib */ = {
			isa = PBXVariantGroup;
			children = (
				AFB4D77F1B9FF03500048C86 /* Base */,
			);
			name = LaunchScreen.xib;
			sourceTree = "<group>";
		};
/* End PBXVariantGroup section */

/* Begin XCBuildConfiguration section */
		AFB4D78D1B9FF03500048C86 /* Debug */ = {
			isa = XCBuildConfiguration;
			buildSettings = {
				ALWAYS_SEARCH_USER_PATHS = NO;
				CLANG_CXX_LANGUAGE_STANDARD = "gnu++0x";
				CLANG_CXX_LIBRARY = "libc++";
				CLANG_ENABLE_MODULES = YES;
				CLANG_ENABLE_OBJC_ARC = YES;
				CLANG_WARN_BOOL_CONVERSION = YES;
				CLANG_WARN_CONSTANT_CONVERSION = YES;
				CLANG_WARN_DIRECT_OBJC_ISA_USAGE = YES_ERROR;
				CLANG_WARN_EMPTY_BODY = YES;
				CLANG_WARN_ENUM_CONVERSION = YES;
				CLANG_WARN_INT_CONVERSION = YES;
				CLANG_WARN_OBJC_ROOT_CLASS = YES_ERROR;
				CLANG_WARN_UNREACHABLE_CODE = YES;
				CLANG_WARN__DUPLICATE_METHOD_MATCH = YES;
				"CODE_SIGN_IDENTITY[sdk=iphoneos*]" = "iPhone Developer";
				COPY_PHASE_STRIP = NO;
				DEBUG_INFORMATION_FORMAT = "dwarf-with-dsym";
				ENABLE_STRICT_OBJC_MSGSEND = YES;
				GCC_C_LANGUAGE_STANDARD = gnu99;
				GCC_DYNAMIC_NO_PIC = NO;
				GCC_NO_COMMON_BLOCKS = YES;
				GCC_OPTIMIZATION_LEVEL = 0;
				GCC_PREPROCESSOR_DEFINITIONS = (
					"DEBUG=1",
					"$(inherited)",
				);
				GCC_SYMBOLS_PRIVATE_EXTERN = NO;
				GCC_WARN_64_TO_32_BIT_CONVERSION = YES;
				GCC_WARN_ABOUT_RETURN_TYPE = YES_ERROR;
				GCC_WARN_UNDECLARED_SELECTOR = YES;
				GCC_WARN_UNINITIALIZED_AUTOS = YES_AGGRESSIVE;
				GCC_WARN_UNUSED_FUNCTION = YES;
				GCC_WARN_UNUSED_VARIABLE = YES;
				IPHONEOS_DEPLOYMENT_TARGET = 8.4;
				MTL_ENABLE_DEBUG_INFO = YES;
				ONLY_ACTIVE_ARCH = YES;
				SDKROOT = iphoneos;
			};
			name = Debug;
		};
		AFB4D78E1B9FF03500048C86 /* Release */ = {
			isa = XCBuildConfiguration;
			buildSettings = {
				ALWAYS_SEARCH_USER_PATHS = NO;
				CLANG_CXX_LANGUAGE_STANDARD = "gnu++0x";
				CLANG_CXX_LIBRARY = "libc++";
				CLANG_ENABLE_MODULES = YES;
				CLANG_ENABLE_OBJC_ARC = YES;
				CLANG_WARN_BOOL_CONVERSION = YES;
				CLANG_WARN_CONSTANT_CONVERSION = YES;
				CLANG_WARN_DIRECT_OBJC_ISA_USAGE = YES_ERROR;
				CLANG_WARN_EMPTY_BODY = YES;
				CLANG_WARN_ENUM_CONVERSION = YES;
				CLANG_WARN_INT_CONVERSION = YES;
				CLANG_WARN_OBJC_ROOT_CLASS = YES_ERROR;
				CLANG_WARN_UNREACHABLE_CODE = YES;
				CLANG_WARN__DUPLICATE_METHOD_MATCH = YES;
				"CODE_SIGN_IDENTITY[sdk=iphoneos*]" = "iPhone Developer";
				COPY_PHASE_STRIP = NO;
				DEBUG_INFORMATION_FORMAT = "dwarf-with-dsym";
				ENABLE_NS_ASSERTIONS = NO;
				ENABLE_STRICT_OBJC_MSGSEND = YES;
				GCC_C_LANGUAGE_STANDARD = gnu99;
				GCC_NO_COMMON_BLOCKS = YES;
				GCC_WARN_64_TO_32_BIT_CONVERSION = YES;
				GCC_WARN_ABOUT_RETURN_TYPE = YES_ERROR;
				GCC_WARN_UNDECLARED_SELECTOR = YES;
				GCC_WARN_UNINITIALIZED_AUTOS = YES_AGGRESSIVE;
				GCC_WARN_UNUSED_FUNCTION = YES;
				GCC_WARN_UNUSED_VARIABLE = YES;
				IPHONEOS_DEPLOYMENT_TARGET = 8.4;
				MTL_ENABLE_DEBUG_INFO = NO;
				SDKROOT = iphoneos;
				VALIDATE_PRODUCT = YES;
			};
			name = Release;
		};
		AFB4D7901B9FF03500048C86 /* Debug */ = {
			isa = XCBuildConfiguration;
			buildSettings = {
				ASSETCATALOG_COMPILER_APPICON_NAME = AppIcon;
				INFOPLIST_FILE = demo/Info.plist;
				LD_RUNPATH_SEARCH_PATHS = "$(inherited) @executable_path/Frameworks";
				PRODUCT_NAME = "$(TARGET_NAME)";
				TARGETED_DEVICE_FAMILY = 1;
			};
			name = Debug;
		};
		AFB4D7911B9FF03500048C86 /* Release */ = {
			isa = XCBuildConfiguration;
			buildSettings = {
				ASSETCATALOG_COMPILER_APPICON_NAME = AppIcon;
				INFOPLIST_FILE = demo/Info.plist;
				LD_RUNPATH_SEARCH_PATHS = "$(inherited) @executable_path/Frameworks";
				PRODUCT_NAME = "$(TARGET_NAME)";
				TARGETED_DEVICE_FAMILY = 1;
			};
			name = Release;
		};
		AFB4D7931B9FF03500048C86 /* Debug */ = {
			isa = XCBuildConfiguration;
			buildSettings = {
				BUNDLE_LOADER = "$(TEST_HOST)";
				FRAMEWORK_SEARCH_PATHS = (
					"$(SDKROOT)/Developer/Library/Frameworks",
					"$(inherited)",
				);
				GCC_PREPROCESSOR_DEFINITIONS = (
					"DEBUG=1",
					"$(inherited)",
				);
				INFOPLIST_FILE = demoTests/Info.plist;
				LD_RUNPATH_SEARCH_PATHS = "$(inherited) @executable_path/Frameworks @loader_path/Frameworks";
				PRODUCT_NAME = "$(TARGET_NAME)";
				TEST_HOST = "$(BUILT_PRODUCTS_DIR)/demo.app/demo";
			};
			name = Debug;
		};
		AFB4D7941B9FF03500048C86 /* Release */ = {
			isa = XCBuildConfiguration;
			buildSettings = {
				BUNDLE_LOADER = "$(TEST_HOST)";
				FRAMEWORK_SEARCH_PATHS = (
					"$(SDKROOT)/Developer/Library/Frameworks",
					"$(inherited)",
				);
				INFOPLIST_FILE = demoTests/Info.plist;
				LD_RUNPATH_SEARCH_PATHS = "$(inherited) @executable_path/Frameworks @loader_path/Frameworks";
				PRODUCT_NAME = "$(TARGET_NAME)";
				TEST_HOST = "$(BUILT_PRODUCTS_DIR)/demo.app/demo";
			};
			name = Release;
		};
/* End XCBuildConfiguration section */

/* Begin XCConfigurationList section */
		AFB4D7671B9FF03500048C86 /* Build configuration list for PBXProject "demo" */ = {
			isa = XCConfigurationList;
			buildConfigurations = (
				AFB4D78D1B9FF03500048C86 /* Debug */,
				AFB4D78E1B9FF03500048C86 /* Release */,
			);
			defaultConfigurationIsVisible = 0;
			defaultConfigurationName = Release;
		};
		AFB4D78F1B9FF03500048C86 /* Build configuration list for PBXNativeTarget "demo" */ = {
			isa = XCConfigurationList;
			buildConfigurations = (
				AFB4D7901B9FF03500048C86 /* Debug */,
				AFB4D7911B9FF03500048C86 /* Release */,
			);
			defaultConfigurationIsVisible = 0;
			defaultConfigurationName = Release;
		};
		AFB4D7921B9FF03500048C86 /* Build configuration list for PBXNativeTarget "demoTests" */ = {
			isa = XCConfigurationList;
			buildConfigurations = (
				AFB4D7931B9FF03500048C86 /* Debug */,
				AFB4D7941B9FF03500048C86 /* Release */,
			);
			defaultConfigurationIsVisible = 0;
			defaultConfigurationName = Release;
		};
/* End XCConfigurationList section */
	};
	rootObject = AFB4D7641B9FF03500048C86 /* Project object */;
}
